
Microsoft Visual Studio Solution File, Format Version 12.00
# Visual Studio Version 17
VisualStudioVersion = 17.11.35327.3
MinimumVisualStudioVersion = 10.0.40219.1
Project("{FAE04EC0-301F-11D3-BF4B-00C04F79EFBC}") = "Koşulluİfadeler", "Koşulluİfadeler\Koşulluİfadeler.csproj", "{78F5035E-115D-44F9-941C-4D22C3FF7A5F}"
EndProject
Global
	GlobalSection(SolutionConfigurationPlatforms) = preSolution
		Debug|Any CPU = Debug|Any CPU
		Release|Any CPU = Release|Any CPU
	EndGlobalSection
	GlobalSection(ProjectConfigurationPlatforms) = postSolution
		{78F5035E-115D-44F9-941C-4D22C3FF7A5F}.Debug|Any CPU.ActiveCfg = Debug|Any CPU
		{78F5035E-115D-44F9-941C-4D22C3FF7A5F}.Debug|Any CPU.Build.0 = Debug|Any CPU
		{78F5035E-115D-44F9-941C-4D22C3FF7A5F}.Release|Any CPU.ActiveCfg = Release|Any CPU
		{78F5035E-115D-44F9-941C-4D22C3FF7A5F}.Release|Any CPU.Build.0 = Release|Any CPU
	EndGlobalSection
	GlobalSection(SolutionProperties) = preSolution
		HideSolutionNode = FALSE
	EndGlobalSection
	GlobalSection(ExtensibilityGlobals) = postSolution
		SolutionGuid = {DC0EAB8A-A761-451B-8299-D9948B2A6A9E}
	EndGlobalSection
EndGlobal
